
Microsoft Visual Studio Solution File, Format Version 12.00
# Visual Studio Version 17
VisualStudioVersion = 17.5.002.0
MinimumVisualStudioVersion = 10.0.40219.1
Project("{9A19103F-16F7-4668-BE54-9A1E7A4F7556}") = "Client", "Client\Client.csproj", "{CECF028C-4958-4E34-95F1-096792F986FA}"
EndProject
Project("{9A19103F-16F7-4668-BE54-9A1E7A4F7556}") = "Serveur", "Serveur\Serveur.csproj", "{E7401271-DCE8-4857-8EC5-6F77467E03D7}"
EndProject
Global
	GlobalSection(SolutionConfigurationPlatforms) = preSolution
		Debug|Any CPU = Debug|Any CPU
		Release|Any CPU = Release|Any CPU
	EndGlobalSection
	GlobalSection(ProjectConfigurationPlatforms) = postSolution
		{CECF028C-4958-4E34-95F1-096792F986FA}.Debug|Any CPU.ActiveCfg = Debug|Any CPU
		{CECF028C-4958-4E34-95F1-096792F986FA}.Debug|Any CPU.Build.0 = Debug|Any CPU
		{CECF028C-4958-4E34-95F1-096792F986FA}.Release|Any CPU.ActiveCfg = Release|Any CPU
		{CECF028C-4958-4E34-95F1-096792F986FA}.Release|Any CPU.Build.0 = Release|Any CPU
		{E7401271-DCE8-4857-8EC5-6F77467E03D7}.Debug|Any CPU.ActiveCfg = Debug|Any CPU
		{E7401271-DCE8-4857-8EC5-6F77467E03D7}.Debug|Any CPU.Build.0 = Debug|Any CPU
		{E7401271-DCE8-4857-8EC5-6F77467E03D7}.Release|Any CPU.ActiveCfg = Release|Any CPU
		{E7401271-DCE8-4857-8EC5-6F77467E03D7}.Release|Any CPU.Build.0 = Release|Any CPU
	EndGlobalSection
	GlobalSection(SolutionProperties) = preSolution
		HideSolutionNode = FALSE
	EndGlobalSection
	GlobalSection(ExtensibilityGlobals) = postSolution
		SolutionGuid = {0157B3E5-D1BB-46E6-979A-BA38E3D9065E}
	EndGlobalSection
EndGlobal
